
Microsoft Visual Studio Solution File, Format Version 12.00
# Visual Studio Version 16
VisualStudioVersion = 16.0.29609.76
MinimumVisualStudioVersion = 10.0.40219.1
Project("{FAE04EC0-301F-11D3-BF4B-00C04F79EFBC}") = "prOperadores", "prOperadores\prOperadores.csproj", "{E1708B91-CBB4-46FC-961B-4371FD2965DC}"
EndProject
Global
	GlobalSection(SolutionConfigurationPlatforms) = preSolution
		Debug|Any CPU = Debug|Any CPU
		Release|Any CPU = Release|Any CPU
	EndGlobalSection
	GlobalSection(ProjectConfigurationPlatforms) = postSolution
		{E1708B91-CBB4-46FC-961B-4371FD2965DC}.Debug|Any CPU.ActiveCfg = Debug|Any CPU
		{E1708B91-CBB4-46FC-961B-4371FD2965DC}.Debug|Any CPU.Build.0 = Debug|Any CPU
		{E1708B91-CBB4-46FC-961B-4371FD2965DC}.Release|Any CPU.ActiveCfg = Release|Any CPU
		{E1708B91-CBB4-46FC-961B-4371FD2965DC}.Release|Any CPU.Build.0 = Release|Any CPU
	EndGlobalSection
	GlobalSection(SolutionProperties) = preSolution
		HideSolutionNode = FALSE
	EndGlobalSection
	GlobalSection(ExtensibilityGlobals) = postSolution
		SolutionGuid = {2CECEB05-F63E-4BD4-A7D1-C4789E06208D}
	EndGlobalSection
EndGlobal
